
Microsoft Visual Studio Solution File, Format Version 12.00
# Visual Studio Version 16
VisualStudioVersion = 16.0.31112.23
MinimumVisualStudioVersion = 10.0.40219.1
Project("{FAE04EC0-301F-11D3-BF4B-00C04F79EFBC}") = "Clicker.GUI", "Clicker.GUI\Clicker.GUI.csproj", "{5BE96357-2397-4840-BD66-976390F29399}"
EndProject
Project("{FAE04EC0-301F-11D3-BF4B-00C04F79EFBC}") = "Clicker.Core", "Clicker.Core\Clicker.Core.csproj", "{82CC3469-E325-484D-9E17-9CA41486C7BD}"
EndProject
Project("{FAE04EC0-301F-11D3-BF4B-00C04F79EFBC}") = "Clicker.Entities", "Clicker.Entities\Clicker.Entities.csproj", "{ACEDE479-0711-466F-B209-700EC7B62EE9}"
EndProject
Project("{FAE04EC0-301F-11D3-BF4B-00C04F79EFBC}") = "Clicker.DataAccess", "Clicker.DataAccess\Clicker.DataAccess.csproj", "{57668050-7CA0-4493-AE05-84763A90CB59}"
EndProject
Global
	GlobalSection(SolutionConfigurationPlatforms) = preSolution
		Debug|Any CPU = Debug|Any CPU
		Release|Any CPU = Release|Any CPU
	EndGlobalSection
	GlobalSection(ProjectConfigurationPlatforms) = postSolution
		{5BE96357-2397-4840-BD66-976390F29399}.Debug|Any CPU.ActiveCfg = Debug|Any CPU
		{5BE96357-2397-4840-BD66-976390F29399}.Debug|Any CPU.Build.0 = Debug|Any CPU
		{5BE96357-2397-4840-BD66-976390F29399}.Release|Any CPU.ActiveCfg = Release|Any CPU
		{5BE96357-2397-4840-BD66-976390F29399}.Release|Any CPU.Build.0 = Release|Any CPU
		{82CC3469-E325-484D-9E17-9CA41486C7BD}.Debug|Any CPU.ActiveCfg = Debug|Any CPU
		{82CC3469-E325-484D-9E17-9CA41486C7BD}.Debug|Any CPU.Build.0 = Debug|Any CPU
		{82CC3469-E325-484D-9E17-9CA41486C7BD}.Release|Any CPU.ActiveCfg = Release|Any CPU
		{82CC3469-E325-484D-9E17-9CA41486C7BD}.Release|Any CPU.Build.0 = Release|Any CPU
		{ACEDE479-0711-466F-B209-700EC7B62EE9}.Debug|Any CPU.ActiveCfg = Debug|Any CPU
		{ACEDE479-0711-466F-B209-700EC7B62EE9}.Debug|Any CPU.Build.0 = Debug|Any CPU
		{ACEDE479-0711-466F-B209-700EC7B62EE9}.Release|Any CPU.ActiveCfg = Release|Any CPU
		{ACEDE479-0711-466F-B209-700EC7B62EE9}.Release|Any CPU.Build.0 = Release|Any CPU
		{57668050-7CA0-4493-AE05-84763A90CB59}.Debug|Any CPU.ActiveCfg = Debug|Any CPU
		{57668050-7CA0-4493-AE05-84763A90CB59}.Debug|Any CPU.Build.0 = Debug|Any CPU
		{57668050-7CA0-4493-AE05-84763A90CB59}.Release|Any CPU.ActiveCfg = Release|Any CPU
		{57668050-7CA0-4493-AE05-84763A90CB59}.Release|Any CPU.Build.0 = Release|Any CPU
	EndGlobalSection
	GlobalSection(SolutionProperties) = preSolution
		HideSolutionNode = FALSE
	EndGlobalSection
	GlobalSection(ExtensibilityGlobals) = postSolution
		SolutionGuid = {8C405F93-3BD8-4BEF-9AC2-6D81AA5A0554}
	EndGlobalSection
EndGlobal
