
Microsoft Visual Studio Solution File, Format Version 12.00
# Visual Studio Version 16
VisualStudioVersion = 16.0.31112.23
MinimumVisualStudioVersion = 10.0.40219.1
Project("{9A19103F-16F7-4668-BE54-9A1E7A4F7556}") = "Clicker", "Clicker.csproj", "{0D06ADC8-F8B3-4570-819C-A2EDCA871977}"
EndProject
Project("{FAE04EC0-301F-11D3-BF4B-00C04F79EFBC}") = "Clicker.Core", "..\Clicker.Core\Clicker.Core.csproj", "{F017A9E4-3E26-40E8-B2EA-57BFF0B2D329}"
EndProject
Project("{FAE04EC0-301F-11D3-BF4B-00C04F79EFBC}") = "Clicker.DataAccess", "..\Clicker.DataAccess\Clicker.DataAccess.csproj", "{90FBDDCE-8A05-4DEA-90FC-8432392E8607}"
EndProject
Global
	GlobalSection(SolutionConfigurationPlatforms) = preSolution
		Debug|Any CPU = Debug|Any CPU
		Release|Any CPU = Release|Any CPU
	EndGlobalSection
	GlobalSection(ProjectConfigurationPlatforms) = postSolution
		{0D06ADC8-F8B3-4570-819C-A2EDCA871977}.Debug|Any CPU.ActiveCfg = Debug|Any CPU
		{0D06ADC8-F8B3-4570-819C-A2EDCA871977}.Debug|Any CPU.Build.0 = Debug|Any CPU
		{0D06ADC8-F8B3-4570-819C-A2EDCA871977}.Release|Any CPU.ActiveCfg = Release|Any CPU
		{0D06ADC8-F8B3-4570-819C-A2EDCA871977}.Release|Any CPU.Build.0 = Release|Any CPU
		{F017A9E4-3E26-40E8-B2EA-57BFF0B2D329}.Debug|Any CPU.ActiveCfg = Debug|Any CPU
		{F017A9E4-3E26-40E8-B2EA-57BFF0B2D329}.Debug|Any CPU.Build.0 = Debug|Any CPU
		{F017A9E4-3E26-40E8-B2EA-57BFF0B2D329}.Release|Any CPU.ActiveCfg = Release|Any CPU
		{F017A9E4-3E26-40E8-B2EA-57BFF0B2D329}.Release|Any CPU.Build.0 = Release|Any CPU
		{90FBDDCE-8A05-4DEA-90FC-8432392E8607}.Debug|Any CPU.ActiveCfg = Debug|Any CPU
		{90FBDDCE-8A05-4DEA-90FC-8432392E8607}.Debug|Any CPU.Build.0 = Debug|Any CPU
		{90FBDDCE-8A05-4DEA-90FC-8432392E8607}.Release|Any CPU.ActiveCfg = Release|Any CPU
		{90FBDDCE-8A05-4DEA-90FC-8432392E8607}.Release|Any CPU.Build.0 = Release|Any CPU
	EndGlobalSection
	GlobalSection(SolutionProperties) = preSolution
		HideSolutionNode = FALSE
	EndGlobalSection
	GlobalSection(ExtensibilityGlobals) = postSolution
		SolutionGuid = {5FA18364-7EF0-4477-B3B2-913897F1BBFE}
	EndGlobalSection
EndGlobal
