
Microsoft Visual Studio Solution File, Format Version 12.00
# Visual Studio Version 16
VisualStudioVersion = 16.0.31112.23
MinimumVisualStudioVersion = 10.0.40219.1
Project("{9A19103F-16F7-4668-BE54-9A1E7A4F7556}") = "Clicker.GUI", "Clicker.GUI\Clicker.GUI.csproj", "{C7E54A80-7283-471A-A150-DB0DF5D0F94F}"
EndProject
Project("{FAE04EC0-301F-11D3-BF4B-00C04F79EFBC}") = "Clicker.Core", "Clicker.Core\Clicker.Core.csproj", "{D439C7D7-D835-4075-B5D9-7B86C8C087A9}"
EndProject
Global
	GlobalSection(SolutionConfigurationPlatforms) = preSolution
		Debug|Any CPU = Debug|Any CPU
		Release|Any CPU = Release|Any CPU
	EndGlobalSection
	GlobalSection(ProjectConfigurationPlatforms) = postSolution
		{C7E54A80-7283-471A-A150-DB0DF5D0F94F}.Debug|Any CPU.ActiveCfg = Debug|Any CPU
		{C7E54A80-7283-471A-A150-DB0DF5D0F94F}.Debug|Any CPU.Build.0 = Debug|Any CPU
		{C7E54A80-7283-471A-A150-DB0DF5D0F94F}.Release|Any CPU.ActiveCfg = Release|Any CPU
		{C7E54A80-7283-471A-A150-DB0DF5D0F94F}.Release|Any CPU.Build.0 = Release|Any CPU
		{D439C7D7-D835-4075-B5D9-7B86C8C087A9}.Debug|Any CPU.ActiveCfg = Debug|Any CPU
		{D439C7D7-D835-4075-B5D9-7B86C8C087A9}.Debug|Any CPU.Build.0 = Debug|Any CPU
		{D439C7D7-D835-4075-B5D9-7B86C8C087A9}.Release|Any CPU.ActiveCfg = Release|Any CPU
		{D439C7D7-D835-4075-B5D9-7B86C8C087A9}.Release|Any CPU.Build.0 = Release|Any CPU
	EndGlobalSection
	GlobalSection(SolutionProperties) = preSolution
		HideSolutionNode = FALSE
	EndGlobalSection
	GlobalSection(ExtensibilityGlobals) = postSolution
		SolutionGuid = {6AC97E57-2360-4F81-9639-0805593BAABB}
	EndGlobalSection
EndGlobal
